{
  "nodes": {
    "nixpkgs": {
      "locked": {
        "lastModified": 1772198003,
        "narHash": "sha256-I45esRSssFtJ8p/gLHUZ1OUaaTaVLluNkABkk6arQwE=",
        "owner": "NixOS",
        "repo": "nixpkgs",
        "rev": "dd9b079222d43e1943b6ebd802f04fd959dc8e61",
        "type": "github"
      },
      "original": {
        "owner": "NixOS",
        "ref": "nixos-unstable",
        "repo": "nixpkgs",
        "type": "github"
      }
    },
    "nixpkgs-lib": {
      "locked": {
        "lastModified": 1766884708,
        "narHash": "sha256-x8nyRwtD0HMeYtX60xuIuZJbwwoI7/UKAdCiATnQNz0=",
        "owner": "nix-community",
        "repo": "nixpkgs.lib",
        "rev": "15177f81ad356040b4460a676838154cbf7f6213",
        "type": "github"
      },
      "original": {
        "owner": "nix-community",
        "repo": "nixpkgs.lib",
        "type": "github"
      }
    },
    "ren": {
      "inputs": {
        "nixpkgs-lib": "nixpkgs-lib"
      },
      "locked": {
        "dir": "lib",
        "lastModified": 1768913456,
        "narHash": "sha256-P+uWjzg09q57Ur2jWCkGwNvk1bMyU20kUIKHYj+kxK0=",
        "owner": "rensa-nix",
        "repo": "core",
        "rev": "e5f47b57ae06f2fc1f888bcb56413baccb5d1062",
        "type": "gitlab"
      },
      "original": {
        "dir": "lib",
        "owner": "rensa-nix",
        "repo": "core",
        "type": "gitlab"
      }
    },
    "root": {
      "inputs": {
        "nixpkgs": "nixpkgs",
        "ren": "ren"
      }
    }
  },
  "root": "root",
  "version": 7
}
