{
  "nodes": {
    "devshell-lib": {
      "locked": {
        "dir": "lib",
        "lastModified": 1767274074,
        "narHash": "sha256-h2grM9qoSnYdqN7K8+taeMuWC2umaN/c2FCBu48frlo=",
        "owner": "rensa-nix",
        "repo": "devshell",
        "rev": "5508ced269ee40ff7f5261ee3b5bf5597f7cad5d",
        "type": "gitlab"
      },
      "original": {
        "dir": "lib",
        "owner": "rensa-nix",
        "repo": "devshell",
        "type": "gitlab"
      }
    },
    "devtools-lib": {
      "locked": {
        "dir": "lib",
        "lastModified": 1767275572,
        "narHash": "sha256-f50ucOP0TZkQOrdyrrX0wBmDn54GJsqQfvMYqnK1kFo=",
        "owner": "rensa-nix",
        "repo": "devtools",
        "rev": "35a325363486190c2efd8f2860320dbb49a2942b",
        "type": "gitlab"
      },
      "original": {
        "dir": "lib",
        "owner": "rensa-nix",
        "repo": "devtools",
        "type": "gitlab"
      }
    },
    "nix-gitlab-ci-lib": {
      "locked": {
        "dir": "lib",
        "lastModified": 1765444672,
        "narHash": "sha256-B0cMjRs9P50ym9Le0VUcRN69Yy6tbV13MXq81tTTEus=",
        "owner": "TECHNOFAB",
        "repo": "nix-gitlab-ci",
        "rev": "8f88a53b5479773cd626420362631bc1da99e677",
        "type": "gitlab"
      },
      "original": {
        "dir": "lib",
        "owner": "TECHNOFAB",
        "ref": "3.1.2",
        "repo": "nix-gitlab-ci",
        "type": "gitlab"
      }
    },
    "nixtest-lib": {
      "locked": {
        "dir": "lib",
        "lastModified": 1769441055,
        "narHash": "sha256-SrHLnM3UMzpj5/o52yf3lFOVpsIGEU5nAFUkdeJO1bM=",
        "owner": "TECHNOFAB",
        "repo": "nixtest",
        "rev": "9f9fcb85349003edb554574d0e3f623811866f50",
        "type": "gitlab"
      },
      "original": {
        "dir": "lib",
        "owner": "TECHNOFAB",
        "repo": "nixtest",
        "type": "gitlab"
      }
    },
    "root": {
      "inputs": {
        "devshell-lib": "devshell-lib",
        "devtools-lib": "devtools-lib",
        "nix-gitlab-ci-lib": "nix-gitlab-ci-lib",
        "nixtest-lib": "nixtest-lib",
        "soonix-lib": "soonix-lib",
        "treefmt-nix": "treefmt-nix"
      }
    },
    "soonix-lib": {
      "locked": {
        "dir": "lib",
        "lastModified": 1769607658,
        "narHash": "sha256-gF9/QmmaNRgqkC5cqSGgwWvGXj9Mj4qMDkvvF/5BlSA=",
        "owner": "TECHNOFAB",
        "repo": "soonix",
        "rev": "19a88a0c2681bbc85bc2cbe4f2860316d50fe957",
        "type": "gitlab"
      },
      "original": {
        "dir": "lib",
        "owner": "TECHNOFAB",
        "repo": "soonix",
        "type": "gitlab"
      }
    },
    "treefmt-nix": {
      "flake": false,
      "locked": {
        "lastModified": 1770228511,
        "narHash": "sha256-wQ6NJSuFqAEmIg2VMnLdCnUc0b7vslUohqqGGD+Fyxk=",
        "owner": "numtide",
        "repo": "treefmt-nix",
        "rev": "337a4fe074be1042a35086f15481d763b8ddc0e7",
        "type": "github"
      },
      "original": {
        "owner": "numtide",
        "repo": "treefmt-nix",
        "type": "github"
      }
    }
  },
  "root": "root",
  "version": 7
}
